{
  "nodes": {
    "nixpkgs": {
      "locked": {
        "lastModified": 1642164076,
        "narHash": "sha256-VEAyDMWDwH2maXbpm98nQogyu8xZgh55J+vee22YDEc=",
        "owner": "nixos",
        "repo": "nixpkgs",
        "rev": "35f8dc6ecc69a90dfa9287088fd49c7c2cb3e9a3",
        "type": "github"
      },
      "original": {
        "owner": "nixos",
        "repo": "nixpkgs",
        "type": "github"
      }
    },
    "root": {
      "inputs": {
        "nixpkgs": "nixpkgs",
        "yz-flake-utils": "yz-flake-utils"
      }
    },
    "yz-flake-utils": {
      "locked": {
        "lastModified": 1623915702,
        "narHash": "sha256-BJA+aBQZJBeQ5t0TaoLSCL5ZG0AzH5lIgokGCb64nrk=",
        "owner": "YZITE",
        "repo": "flake-utils",
        "rev": "b26662a1f52046434d58daf133e814cf372fc9a4",
        "type": "github"
      },
      "original": {
        "owner": "YZITE",
        "repo": "flake-utils",
        "type": "github"
      }
    }
  },
  "root": "root",
  "version": 7
}
